#MicroXplorer Configuration settings - do not modify
Mcu.Family=STM32H7
RCC.DFSDMCLockSelection=RCC_DFSDM1CLKSOURCE_D2PCLK1
RCC.DIVQ2Freq_Value=129000000
ProjectManager.MainLocation=Core/Src
RCC.SAI1Freq_Value=275000000
RCC.CortexFreq_Value=550000000
RCC.PLLDSIIDF=DSI_PLL_IN_DIV1
ProjectManager.KeepUserCode=true
Mcu.UserName=STM32H723ZGTx
PD9.GPIOParameters=GPIO_PuPd
RCC.HPRE=RCC_HCLK_DIV2
Dma.USART1_RX.0.EventEnable=DISABLE
USART1.BaudRate=9600
RCC.PLLFRACN=3072
Dma.USART1_RX.0.SignalID=NONE
ProjectManager.functionlistsort=1-MX_GPIO_Init-GPIO-false-HAL-true,2-MX_DMA_Init-DMA-false-HAL-true,3-SystemClock_Config-RCC-false-HAL-false,4-MX_USART1_UART_Init-USART1-false-HAL-true,5-MX_USART3_UART_Init-USART3-false-HAL-true,0-MX_CORTEX_M7_Init-CORTEX_M7-false-HAL-true
PA13(JTMS/SWDIO).Signal=DEBUG_JTMS-SWDIO
PD8.Locked=true
RCC.RTCFreq_Value=32000
RCC.PLLDSIFreq_Value=500000000
RCC.PLL2FRACN=0
RCC.VCO2OutputFreq_Value=258000000
RCC.CpuClockFreq_Value=550000000
USART1.IPParameters=VirtualMode-Asynchronous,BaudRate
PD8.GPIO_PuPd=GPIO_PULLUP
PB15.Signal=USART1_RX
PD9.Mode=Asynchronous
PinOutPanel.RotationAngle=0
RCC.MCO1PinFreq_Value=64000000
RCC.SYSCLKSource=RCC_SYSCLKSOURCE_PLLCLK
ProjectManager.StackSize=0x400
RCC.AHB4Freq_Value=275000000
RCC.DSIPHY_Div=8
RCC.VCOInput3Freq_Value=2000000
RCC.SPI123CLockSelection=RCC_SPI123CLKSOURCE_PLL
PA13(JTMS/SWDIO).Mode=Trace_Asynchronous_SW
USART3.VirtualMode-Asynchronous=VM_ASYNC
RCC.LPTIM1Freq_Value=137500000
Mcu.IP4=RCC
RCC.LPUART1CLockSelection=RCC_LPUART1CLKSOURCE_D3PCLK1
Mcu.IP5=SYS
Mcu.IP2=DMA
NVIC.SVCall_IRQn=true\:0\:0\:false\:false\:true\:false\:false
Mcu.IP3=NVIC
Mcu.IP0=CORTEX_M7
Mcu.IP1=DEBUG
Mcu.UserConstants=
RCC.I2C4CLockSelection=RCC_I2C4CLKSOURCE_D3PCLK1
RCC.DIVP3Freq_Value=129000000
RCC.SDMMCFreq_Value=275000000
RCC.RCC_MCO2Source=RCC_MCO2SOURCE_SYSCLK
RCC.ADCCLockSelection=RCC_ADCCLKSOURCE_PLL2
Mcu.ThirdPartyNb=0
RCC.HCLKFreq_Value=275000000
RCC.I2C4Freq_Value=137500000
Mcu.IPNb=8
ProjectManager.PreviousToolchain=
RCC.SPDIFRXFreq_Value=275000000
PD8.GPIOParameters=GPIO_PuPd
RCC.DIVQ3Freq_Value=129000000
Mcu.Pin6=PB3(JTDO/TRACESWO)
Mcu.Pin7=VP_SYS_VS_Systick
PD8.Signal=USART3_TX
Dma.USART1_RX.0.Priority=DMA_PRIORITY_MEDIUM
Mcu.Pin0=PB14
Mcu.Pin1=PB15
Mcu.Pin2=PD8
Mcu.Pin3=PD9
Mcu.Pin4=PA13(JTMS/SWDIO)
Mcu.Pin5=PA14(JTCK/SWCLK)
ProjectManager.ProjectBuild=false
RCC.DIVR3Freq_Value=129000000
RCC.HSE_VALUE=25000000
NVIC.UsageFault_IRQn=true\:0\:0\:false\:false\:true\:false\:false
NVIC.DebugMonitor_IRQn=true\:0\:0\:false\:false\:true\:false\:false
RCC.I2C123CLockSelection=RCC_I2C1235CLKSOURCE_D2PCLK1
NVIC.SysTick_IRQn=true\:0\:0\:false\:false\:true\:false\:true
RCC.DIVM1=4
RCC.RCC_MCO1Source=RCC_MCO1SOURCE_HSI
RCC.LPTIM2CLockSelection=RCC_LPTIM2CLKSOURCE_D3PCLK1
ProjectManager.FirmwarePackage=STM32Cube FW_H7 V1.9.0
MxDb.Version=DB.6.0.21
RCC.DIVP1Freq_Value=550000000
ProjectManager.BackupPrevious=false
RCC.FMCFreq_Value=275000000
RCC.SAI1CLockSelection=RCC_SAI1CLKSOURCE_PLL
RCC.LPTIM345CLockSelection=RCC_LPTIM345CLKSOURCE_D3PCLK1
PB14.Mode=Asynchronous
RCC.SPDIFCLockSelection=RCC_SPDIFRXCLKSOURCE_PLL
PB3(JTDO/TRACESWO).Signal=DEBUG_JTDO-SWO
RCC.USART16Freq_Value=137500000
File.Version=6
Dma.USART1_RX.0.SyncEnable=DISABLE
NVIC.PendSV_IRQn=true\:0\:0\:false\:false\:true\:false\:false
RCC.DSI_PHY_VALUE=12288000
Dma.USART1_RX.0.MemInc=DMA_MINC_ENABLE
RCC.DIVR2Freq_Value=129000000
Dma.RequestsNb=1
RCC.CKPERSourceSelection=RCC_CLKPSOURCE_HSI
ProjectManager.HalAssertFull=false
RCC.DIVP2Freq_Value=129000000
ProjectManager.ProjectName=h723-reading-from-gps
RCC.APB3Freq_Value=137500000
RCC.MCO2PinFreq_Value=550000000
Mcu.Package=LQFP144
RCC.SAI4ACLockSelection=RCC_SAI4ACLKSOURCE_PLL
RCC.PLL3FRACN=0
RCC.D1PPRE=RCC_APB3_DIV2
PB3(JTDO/TRACESWO).Mode=Trace_Asynchronous_SW
ProjectManager.ToolChainLocation=
RCC.LSI_VALUE=32000
VP_SYS_VS_Systick.Signal=SYS_VS_Systick
Dma.USART1_RX.0.RequestParameters=Instance,Direction,PeriphInc,MemInc,PeriphDataAlignment,MemDataAlignment,Mode,Priority,FIFOMode,SignalID,Polarity,RequestNumber,SyncSignalID,SyncPolarity,SyncEnable,EventEnable,SyncRequestNumber
RCC.DSIFreq_Value=96000000
USART3.IPParameters=VirtualMode-Asynchronous
RCC.DIVR1Freq_Value=275000000
RCC.DFSDMFreq_Value=137500000
RCC.SPI6Enable-ClockTree=true
Dma.USART1_RX.0.FIFOMode=DMA_FIFOMODE_DISABLE
RCC.TraceFreq_Value=275000000
RCC.APB4Freq_Value=137500000
RCC.CECFreq_Value=32000
RCC.FDCANCLockSelection=RCC_FDCANCLKSOURCE_PLL
NVIC.BusFault_IRQn=true\:0\:0\:false\:false\:true\:false\:false
RCC.LPUART1Freq_Value=137500000
Dma.USART1_RX.0.Mode=DMA_CIRCULAR
NVIC.DMA1_Stream0_IRQn=true\:0\:0\:false\:false\:true\:false\:true
NVIC.USART1_IRQn=true\:0\:0\:false\:false\:true\:true\:true
Dma.Request0=USART1_RX
PD9.GPIO_PuPd=GPIO_PULLUP
RCC.DSIPHYCLKFreq_Value=96000000
Dma.USART1_RX.0.Instance=DMA1_Stream0
ProjectManager.CustomerFirmwarePackage=
RCC.Tim2OutputFreq_Value=275000000
RCC.HSI48_VALUE=48000000
RCC.DFSDMACLkFreq_Value=275000000
RCC.PLLDSIDev=2
RCC.VCO3OutputFreq_Value=258000000
ProjectManager.ProjectFileName=h723-reading-from-gps.ioc
Dma.USART1_RX.0.PeriphDataAlignment=DMA_PDATAALIGN_BYTE
Mcu.PinsNb=8
RCC.DSICLockSelection=RCC_DSICLKSOURCE_PHY
ProjectManager.NoMain=false
RCC.SAI4BCLockSelection=RCC_SAI4BCLKSOURCE_PLL
RCC.SWPMI1Freq_Value=137500000
RCC.DSITX_Div=4
RCC.SAI4BFreq_Value=275000000
RCC.D2PPRE2=RCC_APB2_DIV2
RCC.D2PPRE1=RCC_APB1_DIV2
RCC.EXTERNAL_CLOCK_VALUE=12288000
ProjectManager.DefaultFWLocation=true
PD9.Signal=USART3_RX
RCC.DIVP1=1
ProjectManager.DeletePrevious=true
RCC.Cortex_DivARG=SystemCoreClock/1000
RCC.QSPIFreq_Value=275000000
Dma.USART1_RX.0.RequestNumber=1
Dma.USART1_RX.0.Polarity=HAL_DMAMUX_REQ_GEN_RISING
RCC.FamilyName=M
RCC.WatchDogFreq_Value=32000
RCC.SPI6Freq_Value=137500000
RCC.DSITXEscFreq_Value=20000000
RCC.D1CPREFreq_Value=550000000
USART1.VirtualMode-Asynchronous=VM_ASYNC
RCC.USART234578Freq_Value=137500000
RCC.Tim1OutputFreq_Value=275000000
RCC.SPI45Freq_Value=137500000
RCC.SPI123Freq_Value=275000000
ProjectManager.TargetToolchain=STM32CubeIDE
Dma.USART1_RX.0.SyncRequestNumber=1
RCC.VCO1OutputFreq_Value=550000000
RCC.SPI6CLockSelection=RCC_SPI6CLKSOURCE_D3PCLK1
RCC.PLLDSIVCOFreq_Value=500000000
Dma.USART1_RX.0.Direction=DMA_PERIPH_TO_MEMORY
RCC.AXIClockFreq_Value=275000000
RCC.CECCLockSelection=RCC_CECCLKSOURCE_LSI
RCC.LPTIM1CLockSelection=RCC_LPTIM1CLKSOURCE_D2PCLK1
RCC.DIVN1=34
ProjectManager.RegisterCallBack=
RCC.USBFreq_Value=275000000
RCC.SWPCLockSelection=RCC_SWPMI1CLKSOURCE_D2PCLK1
RCC.LSE_VALUE=32768
PD8.Mode=Asynchronous
RCC.CKPERFreq_Value=64000000
Dma.USART1_RX.0.PeriphInc=DMA_PINC_DISABLE
PB14.Signal=USART1_TX
RCC.USBCLockSelection=RCC_USBCLKSOURCE_PLL
board=custom
ProjectManager.LastFirmware=true
PB15.Mode=Asynchronous
RCC.VCOInput1Freq_Value=16000000
RCC.AHB12Freq_Value=275000000
RCC.APB2Freq_Value=137500000
RCC.RNGCLockSelection=RCC_RNGCLKSOURCE_HSI48
MxCube.Version=6.2.1
RCC.FMCCLockSelection=RCC_FMCCLKSOURCE_D1HCLK
RCC.FDCANFreq_Value=275000000
RCC.PLLDSINDIV=20
RCC.RNGFreq_Value=48000000
RCC.ADCFreq_Value=129000000
VP_SYS_VS_Systick.Mode=SysTick
Dma.USART1_RX.0.MemDataAlignment=DMA_MDATAALIGN_BYTE
RCC.PLLDSIODF=DSI_PLL_OUT_DIV1
NVIC.NonMaskableInt_IRQn=true\:0\:0\:false\:false\:true\:false\:false
RCC.CSI_VALUE=4000000
Dma.USART1_RX.0.SyncPolarity=HAL_DMAMUX_SYNC_NO_EVENT
PA14(JTCK/SWCLK).Mode=Trace_Asynchronous_SW
RCC.PLLDSIMult=2
ProjectManager.FreePins=false
RCC.IPParameters=ADCCLockSelection,ADCFreq_Value,AHB12Freq_Value,AHB4Freq_Value,APB1Freq_Value,APB2Freq_Value,APB3Freq_Value,APB4Freq_Value,AXIClockFreq_Value,CECCLockSelection,CECFreq_Value,CKPERFreq_Value,CKPERSourceSelection,CSI_VALUE,CortexFreq_Value,Cortex_DivARG,CpuClockFreq_Value,D1CPREFreq_Value,D1PPRE,D2PPRE1,D2PPRE2,D3PPRE,DFSDMACLkFreq_Value,DFSDMCLockSelection,DFSDMFreq_Value,DIVM1,DIVN1,DIVP1,DIVP1Freq_Value,DIVP2Freq_Value,DIVP3Freq_Value,DIVQ1Freq_Value,DIVQ2Freq_Value,DIVQ3Freq_Value,DIVR1Freq_Value,DIVR2Freq_Value,DIVR3Freq_Value,DSICLockSelection,DSIFreq_Value,DSIPHYCLKFreq_Value,DSIPHY_Div,DSITXEscFreq_Value,DSITX_Div,DSI_PHY_VALUE,EXTERNAL_CLOCK_VALUE,FDCANCLockSelection,FDCANFreq_Value,FMCCLockSelection,FMCFreq_Value,FamilyName,HCLK3ClockFreq_Value,HCLKFreq_Value,HPRE,HSE_VALUE,HSI48_VALUE,HSI_VALUE,I2C123CLockSelection,I2C123Freq_Value,I2C4CLockSelection,I2C4Freq_Value,LPTIM1CLockSelection,LPTIM1Freq_Value,LPTIM2CLockSelection,LPTIM2Freq_Value,LPTIM345CLockSelection,LPTIM345Freq_Value,LPUART1CLockSelection,LPUART1Freq_Value,LSE_VALUE,LSI_VALUE,LTDCFreq_Value,MCO1PinFreq_Value,MCO2PinFreq_Value,PLL2FRACN,PLL3FRACN,PLLDSIDev,PLLDSIFreq_Value,PLLDSIIDF,PLLDSIMult,PLLDSINDIV,PLLDSIODF,PLLDSIVCOFreq_Value,PLLFRACN,QSPICLockSelection,QSPIFreq_Value,RCC_MCO1Source,RCC_MCO2Source,RNGCLockSelection,RNGFreq_Value,RTCFreq_Value,SAI1CLockSelection,SAI1Freq_Value,SAI4ACLockSelection,SAI4AFreq_Value,SAI4BCLockSelection,SAI4BFreq_Value,SDMMCFreq_Value,SPDIFCLockSelection,SPDIFRXFreq_Value,SPI123CLockSelection,SPI123Freq_Value,SPI45Freq_Value,SPI6CLockSelection,SPI6Enable-ClockTree,SPI6Freq_Value,SWPCLockSelection,SWPMI1Freq_Value,SYSCLKFreq_VALUE,SYSCLKSource,Spi45ClockSelection,Tim1OutputFreq_Value,Tim2OutputFreq_Value,TraceFreq_Value,USART16CLockSelection,USART16Freq_Value,USART234578CLockSelection,USART234578Freq_Value,USBCLockSelection,USBFreq_Value,VCO1OutputFreq_Value,VCO2OutputFreq_Value,VCO3OutputFreq_Value,VCOInput1Freq_Value,VCOInput2Freq_Value,VCOInput3Freq_Value,WatchDogFreq_Value
ProjectManager.AskForMigrate=true
RCC.LPTIM2Freq_Value=137500000
Mcu.Name=STM32H723ZGTx
Dma.USART1_RX.0.SyncSignalID=NONE
ProjectManager.UnderRoot=true
Mcu.IP6=USART1
Mcu.IP7=USART3
ProjectManager.CoupleFile=true
RCC.SYSCLKFreq_VALUE=550000000
RCC.I2C123Freq_Value=137500000
RCC.Spi45ClockSelection=RCC_SPI45CLKSOURCE_D2PCLK1
NVIC.ForceEnableDMAVector=true
KeepUserPlacement=false
NVIC.MemoryManagement_IRQn=true\:0\:0\:false\:false\:true\:false\:false
ProjectManager.CompilerOptimize=6
RCC.QSPICLockSelection=RCC_OSPICLKSOURCE_D1HCLK
ProjectManager.HeapSize=0x200
NVIC.HardFault_IRQn=true\:0\:0\:false\:false\:true\:false\:false
RCC.LPTIM345Freq_Value=137500000
ProjectManager.ComputerToolchain=false
RCC.HSI_VALUE=64000000
RCC.LTDCFreq_Value=129000000
RCC.SAI4AFreq_Value=275000000
NVIC.PriorityGroup=NVIC_PRIORITYGROUP_4
RCC.USART234578CLockSelection=RCC_USART234578CLKSOURCE_D2PCLK1
RCC.DIVQ1Freq_Value=275000000
RCC.D3PPRE=RCC_APB4_DIV2
PA14(JTCK/SWCLK).Signal=DEBUG_JTCK-SWCLK
RCC.HCLK3ClockFreq_Value=275000000
RCC.VCOInput2Freq_Value=2000000
PD9.Locked=true
RCC.APB1Freq_Value=137500000
ProjectManager.DeviceId=STM32H723ZGTx
RCC.USART16CLockSelection=RCC_USART16910CLKSOURCE_D2PCLK2
ProjectManager.LibraryCopy=1
isbadioc=false
